
Microsoft Visual Studio Solution File, Format Version 12.00
# Visual Studio Version 17
VisualStudioVersion = 17.0.31903.59
MinimumVisualStudioVersion = 10.0.40219.1
Project("{9A19103F-16F7-4668-BE54-9A1E7A4F7556}") = "GoCompareAppApi", "GoCompareAppApi\GoCompareAppApi.csproj", "{78455BE8-E76C-4E64-9249-7CA55F2E92BF}"
EndProject
Project("{FAE04EC0-301F-11D3-BF4B-00C04F79EFBC}") = "Domain", "Domain\Domain.csproj", "{6EEDB9AF-3498-48D4-BAAD-87BCADE9CEA6}"
EndProject
Project("{FAE04EC0-301F-11D3-BF4B-00C04F79EFBC}") = "InMemoryRepository", "InMemoryRepository\InMemoryRepository.csproj", "{F342C890-D480-4343-B30D-C86C5CB33643}"
EndProject
Global
	GlobalSection(SolutionConfigurationPlatforms) = preSolution
		Debug|Any CPU = Debug|Any CPU
		Release|Any CPU = Release|Any CPU
	EndGlobalSection
	GlobalSection(ProjectConfigurationPlatforms) = postSolution
		{78455BE8-E76C-4E64-9249-7CA55F2E92BF}.Debug|Any CPU.ActiveCfg = Debug|Any CPU
		{78455BE8-E76C-4E64-9249-7CA55F2E92BF}.Debug|Any CPU.Build.0 = Debug|Any CPU
		{78455BE8-E76C-4E64-9249-7CA55F2E92BF}.Release|Any CPU.ActiveCfg = Release|Any CPU
		{78455BE8-E76C-4E64-9249-7CA55F2E92BF}.Release|Any CPU.Build.0 = Release|Any CPU
		{6EEDB9AF-3498-48D4-BAAD-87BCADE9CEA6}.Debug|Any CPU.ActiveCfg = Debug|Any CPU
		{6EEDB9AF-3498-48D4-BAAD-87BCADE9CEA6}.Debug|Any CPU.Build.0 = Debug|Any CPU
		{6EEDB9AF-3498-48D4-BAAD-87BCADE9CEA6}.Release|Any CPU.ActiveCfg = Release|Any CPU
		{6EEDB9AF-3498-48D4-BAAD-87BCADE9CEA6}.Release|Any CPU.Build.0 = Release|Any CPU
		{F342C890-D480-4343-B30D-C86C5CB33643}.Debug|Any CPU.ActiveCfg = Debug|Any CPU
		{F342C890-D480-4343-B30D-C86C5CB33643}.Debug|Any CPU.Build.0 = Debug|Any CPU
		{F342C890-D480-4343-B30D-C86C5CB33643}.Release|Any CPU.ActiveCfg = Release|Any CPU
		{F342C890-D480-4343-B30D-C86C5CB33643}.Release|Any CPU.Build.0 = Release|Any CPU
	EndGlobalSection
	GlobalSection(SolutionProperties) = preSolution
		HideSolutionNode = FALSE
	EndGlobalSection
	GlobalSection(ExtensibilityGlobals) = postSolution
		SolutionGuid = {05483A85-C867-4D12-A302-65F209295FD0}
	EndGlobalSection
EndGlobal
